
Microsoft Visual Studio Solution File, Format Version 12.00
# Visual Studio Version 16
VisualStudioVersion = 16.0.31205.134
MinimumVisualStudioVersion = 10.0.40219.1
Project("{8BC9CEB8-8B4A-11D0-8D11-00A0C91BC942}") = "STL-guideline-editor", "STL-guideline-editor.vcxproj", "{1E5CC903-71FD-4C50-ADD1-E6EEA5091AF2}"
EndProject
Global
	GlobalSection(SolutionConfigurationPlatforms) = preSolution
		Debug|x64 = Debug|x64
		Release|x64 = Release|x64
	EndGlobalSection
	GlobalSection(ProjectConfigurationPlatforms) = postSolution
		{1E5CC903-71FD-4C50-ADD1-E6EEA5091AF2}.Debug|x64.ActiveCfg = Debug|x64
		{1E5CC903-71FD-4C50-ADD1-E6EEA5091AF2}.Debug|x64.Build.0 = Debug|x64
		{1E5CC903-71FD-4C50-ADD1-E6EEA5091AF2}.Release|x64.ActiveCfg = Release|x64
		{1E5CC903-71FD-4C50-ADD1-E6EEA5091AF2}.Release|x64.Build.0 = Release|x64
	EndGlobalSection
	GlobalSection(SolutionProperties) = preSolution
		HideSolutionNode = FALSE
	EndGlobalSection
	GlobalSection(ExtensibilityGlobals) = postSolution
		SolutionGuid = {558086E6-B4EF-4A76-828E-F23ECA5DE286}
	EndGlobalSection
EndGlobal
